
Microsoft Visual Studio Solution File, Format Version 12.00
# Visual Studio Version 17
VisualStudioVersion = 17.5.33530.505
MinimumVisualStudioVersion = 10.0.40219.1
Project("{FAE04EC0-301F-11D3-BF4B-00C04F79EFBC}") = "PeopleManagement", "PeopleManagement\PeopleManagement.csproj", "{2059EA25-06BF-41AF-836F-81502A0AC87B}"
EndProject
Global
	GlobalSection(SolutionConfigurationPlatforms) = preSolution
		Debug|Any CPU = Debug|Any CPU
		Release|Any CPU = Release|Any CPU
	EndGlobalSection
	GlobalSection(ProjectConfigurationPlatforms) = postSolution
		{2059EA25-06BF-41AF-836F-81502A0AC87B}.Debug|Any CPU.ActiveCfg = Debug|Any CPU
		{2059EA25-06BF-41AF-836F-81502A0AC87B}.Debug|Any CPU.Build.0 = Debug|Any CPU
		{2059EA25-06BF-41AF-836F-81502A0AC87B}.Release|Any CPU.ActiveCfg = Release|Any CPU
		{2059EA25-06BF-41AF-836F-81502A0AC87B}.Release|Any CPU.Build.0 = Release|Any CPU
	EndGlobalSection
	GlobalSection(SolutionProperties) = preSolution
		HideSolutionNode = FALSE
	EndGlobalSection
	GlobalSection(ExtensibilityGlobals) = postSolution
		SolutionGuid = {A18FAA61-3642-46DE-949C-E2DF9BF02ADA}
	EndGlobalSection
EndGlobal
